// !$*UTF8*$!
{
	archiveVersion = 1;
	classes = {
	};
	objectVersion = 48;
	objects = {

/* Begin PBXBuildFile section */
		4D7496042013A45400E104D5 /* Utilities.swift in Sources */ = {isa = PBXBuildFile; fileRef = 4D7496032013A45400E104D5 /* Utilities.swift */; };
		4D7496062013A8E300E104D5 /* BaseNode.swift in Sources */ = {isa = PBXBuildFile; fileRef = 4D7496052013A8E300E104D5 /* BaseNode.swift */; };
		4D74960B2013AB2200E104D5 /* BallNode.swift in Sources */ = {isa = PBXBuildFile; fileRef = 4D74960A2013AB2200E104D5 /* BallNode.swift */; };
		8826A9BA20139F41000DC63D /* AppDelegate.swift in Sources */ = {isa = PBXBuildFile; fileRef = 8826A9B920139F41000DC63D /* AppDelegate.swift */; };
		8826A9BC20139F41000DC63D /* art.scnassets in Resources */ = {isa = PBXBuildFile; fileRef = 8826A9BB20139F41000DC63D /* art.scnassets */; };
		8826A9BE20139F41000DC63D /* ViewController.swift in Sources */ = {isa = PBXBuildFile; fileRef = 8826A9BD20139F41000DC63D /* ViewController.swift */; };
		8826A9C120139F41000DC63D /* Main.storyboard in Resources */ = {isa = PBXBuildFile; fileRef = 8826A9BF20139F41000DC63D /* Main.storyboard */; };
		8826A9C320139F41000DC63D /* Assets.xcassets in Resources */ = {isa = PBXBuildFile; fileRef = 8826A9C220139F41000DC63D /* Assets.xcassets */; };
		8826A9C620139F41000DC63D /* LaunchScreen.storyboard in Resources */ = {isa = PBXBuildFile; fileRef = 8826A9C420139F41000DC63D /* LaunchScreen.storyboard */; };
		FA26671C39EA3F9159D7B983 /* Pods_CryptoQuest.framework in Frameworks */ = {isa = PBXBuildFile; fileRef = 44F722A759A14007FEA11BEF /* Pods_CryptoQuest.framework */; };
/* End PBXBuildFile section */

/* Begin PBXFileReference section */
		173F7D2B0A145AEAF4E11F31 /* Pods-CryptoQuest.debug.xcconfig */ = {isa = PBXFileReference; includeInIndex = 1; lastKnownFileType = text.xcconfig; name = "Pods-CryptoQuest.debug.xcconfig"; path = "Pods/Target Support Files/Pods-CryptoQuest/Pods-CryptoQuest.debug.xcconfig"; sourceTree = "<group>"; };
		44F722A759A14007FEA11BEF /* Pods_CryptoQuest.framework */ = {isa = PBXFileReference; explicitFileType = wrapper.framework; includeInIndex = 0; path = Pods_CryptoQuest.framework; sourceTree = BUILT_PRODUCTS_DIR; };
		4D7496032013A45400E104D5 /* Utilities.swift */ = {isa = PBXFileReference; lastKnownFileType = sourcecode.swift; path = Utilities.swift; sourceTree = "<group>"; };
		4D7496052013A8E300E104D5 /* BaseNode.swift */ = {isa = PBXFileReference; lastKnownFileType = sourcecode.swift; path = BaseNode.swift; sourceTree = "<group>"; };
		4D74960A2013AB2200E104D5 /* BallNode.swift */ = {isa = PBXFileReference; fileEncoding = 4; lastKnownFileType = sourcecode.swift; path = BallNode.swift; sourceTree = "<group>"; };
		8826A9B620139F41000DC63D /* CryptoQuest.app */ = {isa = PBXFileReference; explicitFileType = wrapper.application; includeInIndex = 0; path = CryptoQuest.app; sourceTree = BUILT_PRODUCTS_DIR; };
		8826A9B920139F41000DC63D /* AppDelegate.swift */ = {isa = PBXFileReference; lastKnownFileType = sourcecode.swift; path = AppDelegate.swift; sourceTree = "<group>"; };
		8826A9BB20139F41000DC63D /* art.scnassets */ = {isa = PBXFileReference; lastKnownFileType = wrapper.scnassets; path = art.scnassets; sourceTree = "<group>"; };
		8826A9BD20139F41000DC63D /* ViewController.swift */ = {isa = PBXFileReference; lastKnownFileType = sourcecode.swift; path = ViewController.swift; sourceTree = "<group>"; };
		8826A9C020139F41000DC63D /* Base */ = {isa = PBXFileReference; lastKnownFileType = file.storyboard; name = Base; path = Base.lproj/Main.storyboard; sourceTree = "<group>"; };
		8826A9C220139F41000DC63D /* Assets.xcassets */ = {isa = PBXFileReference; lastKnownFileType = folder.assetcatalog; path = Assets.xcassets; sourceTree = "<group>"; };
		8826A9C520139F41000DC63D /* Base */ = {isa = PBXFileReference; lastKnownFileType = file.storyboard; name = Base; path = Base.lproj/LaunchScreen.storyboard; sourceTree = "<group>"; };
		8826A9C720139F41000DC63D /* Info.plist */ = {isa = PBXFileReference; lastKnownFileType = text.plist.xml; path = Info.plist; sourceTree = "<group>"; };
		B4ADFDC56604BBB1391DCBDF /* Pods-CryptoQuest.release.xcconfig */ = {isa = PBXFileReference; includeInIndex = 1; lastKnownFileType = text.xcconfig; name = "Pods-CryptoQuest.release.xcconfig"; path = "Pods/Target Support Files/Pods-CryptoQuest/Pods-CryptoQuest.release.xcconfig"; sourceTree = "<group>"; };
/* End PBXFileReference section */

/* Begin PBXFrameworksBuildPhase section */
		8826A9B320139F41000DC63D /* Frameworks */ = {
			isa = PBXFrameworksBuildPhase;
			buildActionMask = 2147483647;
			files = (
				FA26671C39EA3F9159D7B983 /* Pods_CryptoQuest.framework in Frameworks */,
			);
			runOnlyForDeploymentPostprocessing = 0;
		};
/* End PBXFrameworksBuildPhase section */

/* Begin PBXGroup section */
		0F1A5BCCB99D3A86142A6A3E /* Pods */ = {
			isa = PBXGroup;
			children = (
				173F7D2B0A145AEAF4E11F31 /* Pods-CryptoQuest.debug.xcconfig */,
				B4ADFDC56604BBB1391DCBDF /* Pods-CryptoQuest.release.xcconfig */,
			);
			name = Pods;
			sourceTree = "<group>";
		};
		4D7495FF2013A37300E104D5 /* Nodes */ = {
			isa = PBXGroup;
			children = (
				4D74960A2013AB2200E104D5 /* BallNode.swift */,
				4D7496052013A8E300E104D5 /* BaseNode.swift */,
			);
			path = Nodes;
			sourceTree = "<group>";
		};
		4D7496022013A3DD00E104D5 /* Extensions */ = {
			isa = PBXGroup;
			children = (
				4D7496032013A45400E104D5 /* Utilities.swift */,
			);
			path = Extensions;
			sourceTree = "<group>";
		};
		8826A9AD20139F41000DC63D = {
			isa = PBXGroup;
			children = (
				8826A9B820139F41000DC63D /* CryptoQuest */,
				8826A9B720139F41000DC63D /* Products */,
				0F1A5BCCB99D3A86142A6A3E /* Pods */,
				D2EBAF953FC116665DB1A420 /* Frameworks */,
			);
			sourceTree = "<group>";
		};
		8826A9B720139F41000DC63D /* Products */ = {
			isa = PBXGroup;
			children = (
				8826A9B620139F41000DC63D /* CryptoQuest.app */,
			);
			name = Products;
			sourceTree = "<group>";
		};
		8826A9B820139F41000DC63D /* CryptoQuest */ = {
			isa = PBXGroup;
			children = (
				4D7496022013A3DD00E104D5 /* Extensions */,
				8826A9D020139F75000DC63D /* Storyboards */,
				8826A9CD20139F5A000DC63D /* Views */,
				8826A9CE20139F5F000DC63D /* ViewControllers */,
				8826A9CF20139F68000DC63D /* Models */,
				8826A9B920139F41000DC63D /* AppDelegate.swift */,
				8826A9BB20139F41000DC63D /* art.scnassets */,
				8826A9C220139F41000DC63D /* Assets.xcassets */,
				8826A9C720139F41000DC63D /* Info.plist */,
			);
			path = CryptoQuest;
			sourceTree = "<group>";
		};
		8826A9CD20139F5A000DC63D /* Views */ = {
			isa = PBXGroup;
			children = (
				4D7495FF2013A37300E104D5 /* Nodes */,
			);
			path = Views;
			sourceTree = "<group>";
		};
		8826A9CE20139F5F000DC63D /* ViewControllers */ = {
			isa = PBXGroup;
			children = (
				8826A9BD20139F41000DC63D /* ViewController.swift */,
			);
			path = ViewControllers;
			sourceTree = "<group>";
		};
		8826A9CF20139F68000DC63D /* Models */ = {
			isa = PBXGroup;
			children = (
			);
			path = Models;
			sourceTree = "<group>";
		};
		8826A9D020139F75000DC63D /* Storyboards */ = {
			isa = PBXGroup;
			children = (
				8826A9BF20139F41000DC63D /* Main.storyboard */,
				8826A9C420139F41000DC63D /* LaunchScreen.storyboard */,
			);
			path = Storyboards;
			sourceTree = "<group>";
		};
		D2EBAF953FC116665DB1A420 /* Frameworks */ = {
			isa = PBXGroup;
			children = (
				44F722A759A14007FEA11BEF /* Pods_CryptoQuest.framework */,
			);
			name = Frameworks;
			sourceTree = "<group>";
		};
/* End PBXGroup section */

/* Begin PBXNativeTarget section */
		8826A9B520139F41000DC63D /* CryptoQuest */ = {
			isa = PBXNativeTarget;
			buildConfigurationList = 8826A9CA20139F41000DC63D /* Build configuration list for PBXNativeTarget "CryptoQuest" */;
			buildPhases = (
				C2BAB6A6EBA567B14B961317 /* [CP] Check Pods Manifest.lock */,
				8826A9B220139F41000DC63D /* Sources */,
				8826A9B320139F41000DC63D /* Frameworks */,
				8826A9B420139F41000DC63D /* Resources */,
				8CD662ECB98970EC80DF330F /* [CP] Embed Pods Frameworks */,
				87E7EA49C26F44ABD058AE2D /* [CP] Copy Pods Resources */,
			);
			buildRules = (
			);
			dependencies = (
			);
			name = CryptoQuest;
			productName = CryptoQuest;
			productReference = 8826A9B620139F41000DC63D /* CryptoQuest.app */;
			productType = "com.apple.product-type.application";
		};
/* End PBXNativeTarget section */

/* Begin PBXProject section */
		8826A9AE20139F41000DC63D /* Project object */ = {
			isa = PBXProject;
			attributes = {
				LastSwiftUpdateCheck = 0920;
				LastUpgradeCheck = 0920;
				ORGANIZATIONNAME = "SilverLogic, LLC";
				TargetAttributes = {
					8826A9B520139F41000DC63D = {
						CreatedOnToolsVersion = 9.2;
						ProvisioningStyle = Automatic;
					};
				};
			};
			buildConfigurationList = 8826A9B120139F41000DC63D /* Build configuration list for PBXProject "CryptoQuest" */;
			compatibilityVersion = "Xcode 8.0";
			developmentRegion = en;
			hasScannedForEncodings = 0;
			knownRegions = (
				en,
				Base,
			);
			mainGroup = 8826A9AD20139F41000DC63D;
			productRefGroup = 8826A9B720139F41000DC63D /* Products */;
			projectDirPath = "";
			projectRoot = "";
			targets = (
				8826A9B520139F41000DC63D /* CryptoQuest */,
			);
		};
/* End PBXProject section */

/* Begin PBXResourcesBuildPhase section */
		8826A9B420139F41000DC63D /* Resources */ = {
			isa = PBXResourcesBuildPhase;
			buildActionMask = 2147483647;
			files = (
				8826A9BC20139F41000DC63D /* art.scnassets in Resources */,
				8826A9C620139F41000DC63D /* LaunchScreen.storyboard in Resources */,
				8826A9C320139F41000DC63D /* Assets.xcassets in Resources */,
				8826A9C120139F41000DC63D /* Main.storyboard in Resources */,
			);
			runOnlyForDeploymentPostprocessing = 0;
		};
/* End PBXResourcesBuildPhase section */

/* Begin PBXShellScriptBuildPhase section */
		87E7EA49C26F44ABD058AE2D /* [CP] Copy Pods Resources */ = {
			isa = PBXShellScriptBuildPhase;
			buildActionMask = 2147483647;
			files = (
			);
			inputPaths = (
			);
			name = "[CP] Copy Pods Resources";
			outputPaths = (
			);
			runOnlyForDeploymentPostprocessing = 0;
			shellPath = /bin/sh;
			shellScript = "\"${SRCROOT}/Pods/Target Support Files/Pods-CryptoQuest/Pods-CryptoQuest-resources.sh\"\n";
			showEnvVarsInLog = 0;
		};
		8CD662ECB98970EC80DF330F /* [CP] Embed Pods Frameworks */ = {
			isa = PBXShellScriptBuildPhase;
			buildActionMask = 2147483647;
			files = (
			);
			inputPaths = (
			);
			name = "[CP] Embed Pods Frameworks";
			outputPaths = (
			);
			runOnlyForDeploymentPostprocessing = 0;
			shellPath = /bin/sh;
			shellScript = "\"${SRCROOT}/Pods/Target Support Files/Pods-CryptoQuest/Pods-CryptoQuest-frameworks.sh\"\n";
			showEnvVarsInLog = 0;
		};
		C2BAB6A6EBA567B14B961317 /* [CP] Check Pods Manifest.lock */ = {
			isa = PBXShellScriptBuildPhase;
			buildActionMask = 2147483647;
			files = (
			);
			inputPaths = (
				"${PODS_PODFILE_DIR_PATH}/Podfile.lock",
				"${PODS_ROOT}/Manifest.lock",
			);
			name = "[CP] Check Pods Manifest.lock";
			outputPaths = (
				"$(DERIVED_FILE_DIR)/Pods-CryptoQuest-checkManifestLockResult.txt",
			);
			runOnlyForDeploymentPostprocessing = 0;
			shellPath = /bin/sh;
			shellScript = "diff \"${PODS_PODFILE_DIR_PATH}/Podfile.lock\" \"${PODS_ROOT}/Manifest.lock\" > /dev/null\nif [ $? != 0 ] ; then\n    # print error to STDERR\n    echo \"error: The sandbox is not in sync with the Podfile.lock. Run 'pod install' or update your CocoaPods installation.\" >&2\n    exit 1\nfi\n# This output is used by Xcode 'outputs' to avoid re-running this script phase.\necho \"SUCCESS\" > \"${SCRIPT_OUTPUT_FILE_0}\"\n";
			showEnvVarsInLog = 0;
		};
/* End PBXShellScriptBuildPhase section */

/* Begin PBXSourcesBuildPhase section */
		8826A9B220139F41000DC63D /* Sources */ = {
			isa = PBXSourcesBuildPhase;
			buildActionMask = 2147483647;
			files = (
				4D7496062013A8E300E104D5 /* BaseNode.swift in Sources */,
				8826A9BE20139F41000DC63D /* ViewController.swift in Sources */,
				4D74960B2013AB2200E104D5 /* BallNode.swift in Sources */,
				8826A9BA20139F41000DC63D /* AppDelegate.swift in Sources */,
				4D7496042013A45400E104D5 /* Utilities.swift in Sources */,
			);
			runOnlyForDeploymentPostprocessing = 0;
		};
/* End PBXSourcesBuildPhase section */

/* Begin PBXVariantGroup section */
		8826A9BF20139F41000DC63D /* Main.storyboard */ = {
			isa = PBXVariantGroup;
			children = (
				8826A9C020139F41000DC63D /* Base */,
			);
			name = Main.storyboard;
			sourceTree = "<group>";
		};
		8826A9C420139F41000DC63D /* LaunchScreen.storyboard */ = {
			isa = PBXVariantGroup;
			children = (
				8826A9C520139F41000DC63D /* Base */,
			);
			name = LaunchScreen.storyboard;
			sourceTree = "<group>";
		};
/* End PBXVariantGroup section */

/* Begin XCBuildConfiguration section */
		8826A9C820139F41000DC63D /* Debug */ = {
			isa = XCBuildConfiguration;
			buildSettings = {
				ALWAYS_SEARCH_USER_PATHS = NO;
				CLANG_ANALYZER_NONNULL = YES;
				CLANG_ANALYZER_NUMBER_OBJECT_CONVERSION = YES_AGGRESSIVE;
				CLANG_CXX_LANGUAGE_STANDARD = "gnu++14";
				CLANG_CXX_LIBRARY = "libc++";
				CLANG_ENABLE_MODULES = YES;
				CLANG_ENABLE_OBJC_ARC = YES;
				CLANG_WARN_BLOCK_CAPTURE_AUTORELEASING = YES;
				CLANG_WARN_BOOL_CONVERSION = YES;
				CLANG_WARN_COMMA = YES;
				CLANG_WARN_CONSTANT_CONVERSION = YES;
				CLANG_WARN_DIRECT_OBJC_ISA_USAGE = YES_ERROR;
				CLANG_WARN_DOCUMENTATION_COMMENTS = YES;
				CLANG_WARN_EMPTY_BODY = YES;
				CLANG_WARN_ENUM_CONVERSION = YES;
				CLANG_WARN_INFINITE_RECURSION = YES;
				CLANG_WARN_INT_CONVERSION = YES;
				CLANG_WARN_NON_LITERAL_NULL_CONVERSION = YES;
				CLANG_WARN_OBJC_LITERAL_CONVERSION = YES;
				CLANG_WARN_OBJC_ROOT_CLASS = YES_ERROR;
				CLANG_WARN_RANGE_LOOP_ANALYSIS = YES;
				CLANG_WARN_STRICT_PROTOTYPES = YES;
				CLANG_WARN_SUSPICIOUS_MOVE = YES;
				CLANG_WARN_UNGUARDED_AVAILABILITY = YES_AGGRESSIVE;
				CLANG_WARN_UNREACHABLE_CODE = YES;
				CLANG_WARN__DUPLICATE_METHOD_MATCH = YES;
				CODE_SIGN_IDENTITY = "iPhone Developer";
				COPY_PHASE_STRIP = NO;
				DEBUG_INFORMATION_FORMAT = dwarf;
				ENABLE_STRICT_OBJC_MSGSEND = YES;
				ENABLE_TESTABILITY = YES;
				GCC_C_LANGUAGE_STANDARD = gnu11;
				GCC_DYNAMIC_NO_PIC = NO;
				GCC_NO_COMMON_BLOCKS = YES;
				GCC_OPTIMIZATION_LEVEL = 0;
				GCC_PREPROCESSOR_DEFINITIONS = (
					"DEBUG=1",
					"$(inherited)",
				);
				GCC_WARN_64_TO_32_BIT_CONVERSION = YES;
				GCC_WARN_ABOUT_RETURN_TYPE = YES_ERROR;
				GCC_WARN_UNDECLARED_SELECTOR = YES;
				GCC_WARN_UNINITIALIZED_AUTOS = YES_AGGRESSIVE;
				GCC_WARN_UNUSED_FUNCTION = YES;
				GCC_WARN_UNUSED_VARIABLE = YES;
				IPHONEOS_DEPLOYMENT_TARGET = 11.2;
				MTL_ENABLE_DEBUG_INFO = YES;
				ONLY_ACTIVE_ARCH = YES;
				SDKROOT = iphoneos;
				SWIFT_ACTIVE_COMPILATION_CONDITIONS = DEBUG;
				SWIFT_OPTIMIZATION_LEVEL = "-Onone";
			};
			name = Debug;
		};
		8826A9C920139F41000DC63D /* Release */ = {
			isa = XCBuildConfiguration;
			buildSettings = {
				ALWAYS_SEARCH_USER_PATHS = NO;
				CLANG_ANALYZER_NONNULL = YES;
				CLANG_ANALYZER_NUMBER_OBJECT_CONVERSION = YES_AGGRESSIVE;
				CLANG_CXX_LANGUAGE_STANDARD = "gnu++14";
				CLANG_CXX_LIBRARY = "libc++";
				CLANG_ENABLE_MODULES = YES;
				CLANG_ENABLE_OBJC_ARC = YES;
				CLANG_WARN_BLOCK_CAPTURE_AUTORELEASING = YES;
				CLANG_WARN_BOOL_CONVERSION = YES;
				CLANG_WARN_COMMA = YES;
				CLANG_WARN_CONSTANT_CONVERSION = YES;
				CLANG_WARN_DIRECT_OBJC_ISA_USAGE = YES_ERROR;
				CLANG_WARN_DOCUMENTATION_COMMENTS = YES;
				CLANG_WARN_EMPTY_BODY = YES;
				CLANG_WARN_ENUM_CONVERSION = YES;
				CLANG_WARN_INFINITE_RECURSION = YES;
				CLANG_WARN_INT_CONVERSION = YES;
				CLANG_WARN_NON_LITERAL_NULL_CONVERSION = YES;
				CLANG_WARN_OBJC_LITERAL_CONVERSION = YES;
				CLANG_WARN_OBJC_ROOT_CLASS = YES_ERROR;
				CLANG_WARN_RANGE_LOOP_ANALYSIS = YES;
				CLANG_WARN_STRICT_PROTOTYPES = YES;
				CLANG_WARN_SUSPICIOUS_MOVE = YES;
				CLANG_WARN_UNGUARDED_AVAILABILITY = YES_AGGRESSIVE;
				CLANG_WARN_UNREACHABLE_CODE = YES;
				CLANG_WARN__DUPLICATE_METHOD_MATCH = YES;
				CODE_SIGN_IDENTITY = "iPhone Developer";
				COPY_PHASE_STRIP = NO;
				DEBUG_INFORMATION_FORMAT = "dwarf-with-dsym";
				ENABLE_NS_ASSERTIONS = NO;
				ENABLE_STRICT_OBJC_MSGSEND = YES;
				GCC_C_LANGUAGE_STANDARD = gnu11;
				GCC_NO_COMMON_BLOCKS = YES;
				GCC_WARN_64_TO_32_BIT_CONVERSION = YES;
				GCC_WARN_ABOUT_RETURN_TYPE = YES_ERROR;
				GCC_WARN_UNDECLARED_SELECTOR = YES;
				GCC_WARN_UNINITIALIZED_AUTOS = YES_AGGRESSIVE;
				GCC_WARN_UNUSED_FUNCTION = YES;
				GCC_WARN_UNUSED_VARIABLE = YES;
				IPHONEOS_DEPLOYMENT_TARGET = 11.2;
				MTL_ENABLE_DEBUG_INFO = NO;
				SDKROOT = iphoneos;
				SWIFT_OPTIMIZATION_LEVEL = "-Owholemodule";
				VALIDATE_PRODUCT = YES;
			};
			name = Release;
		};
		8826A9CB20139F41000DC63D /* Debug */ = {
			isa = XCBuildConfiguration;
			baseConfigurationReference = 173F7D2B0A145AEAF4E11F31 /* Pods-CryptoQuest.debug.xcconfig */;
			buildSettings = {
				ASSETCATALOG_COMPILER_APPICON_NAME = AppIcon;
				CODE_SIGN_STYLE = Automatic;
				DEVELOPMENT_TEAM = 4SB3F2S2K3;
				INFOPLIST_FILE = CryptoQuest/Info.plist;
				LD_RUNPATH_SEARCH_PATHS = "$(inherited) @executable_path/Frameworks";
				PRODUCT_BUNDLE_IDENTIFIER = com.silverlogic.CryptoQuest;
				PRODUCT_NAME = "$(TARGET_NAME)";
				SWIFT_VERSION = 4.0;
				TARGETED_DEVICE_FAMILY = "1,2";
			};
			name = Debug;
		};
		8826A9CC20139F41000DC63D /* Release */ = {
			isa = XCBuildConfiguration;
			baseConfigurationReference = B4ADFDC56604BBB1391DCBDF /* Pods-CryptoQuest.release.xcconfig */;
			buildSettings = {
				ASSETCATALOG_COMPILER_APPICON_NAME = AppIcon;
				CODE_SIGN_STYLE = Automatic;
				DEVELOPMENT_TEAM = 4SB3F2S2K3;
				INFOPLIST_FILE = CryptoQuest/Info.plist;
				LD_RUNPATH_SEARCH_PATHS = "$(inherited) @executable_path/Frameworks";
				PRODUCT_BUNDLE_IDENTIFIER = com.silverlogic.CryptoQuest;
				PRODUCT_NAME = "$(TARGET_NAME)";
				SWIFT_VERSION = 4.0;
				TARGETED_DEVICE_FAMILY = "1,2";
			};
			name = Release;
		};
/* End XCBuildConfiguration section */

/* Begin XCConfigurationList section */
		8826A9B120139F41000DC63D /* Build configuration list for PBXProject "CryptoQuest" */ = {
			isa = XCConfigurationList;
			buildConfigurations = (
				8826A9C820139F41000DC63D /* Debug */,
				8826A9C920139F41000DC63D /* Release */,
			);
			defaultConfigurationIsVisible = 0;
			defaultConfigurationName = Release;
		};
		8826A9CA20139F41000DC63D /* Build configuration list for PBXNativeTarget "CryptoQuest" */ = {
			isa = XCConfigurationList;
			buildConfigurations = (
				8826A9CB20139F41000DC63D /* Debug */,
				8826A9CC20139F41000DC63D /* Release */,
			);
			defaultConfigurationIsVisible = 0;
			defaultConfigurationName = Release;
		};
/* End XCConfigurationList section */
	};
	rootObject = 8826A9AE20139F41000DC63D /* Project object */;
}
